# harness.lock: what this repository copied from diegoami/harness_imperial (profile full).
# A bump: move this file and every file it lists aside, run adopt.mjs at the new commit,
# then carry your changes to the adapted files (and any other) over to the new copies.
# Verify:  grep -E '^[0-9a-f]{64}  ' harness.lock | sha256sum -c --quiet
commit 552f6ec99f76861cc20680d9bd85e82be1717d07
profile full
copied 2026-10-10 (bumped from d7ddd48, two upstream commits in template/: 7e55653 (#146, L68: every run sets OpenCode's experimental.continue_loop_on_deny; a denied call fails a run only when the record ends on it, the same call is denied twice, or at the third different denial; lib/opencode.mjs, implement.mjs, review.mjs, both .opencode agent files, lessons.md L68 row and L26 note, process.md §3); d0d7ee7 (#157, L66b / harness_imperial#139: runFailure is the callers' one predicate, a failed run keeps its logs, brief and scratch folder, a thrown failure carries and logs e.scratch; lib/opencode.mjs). 65c3615 (#158) and 552f6ec (#161) touch harness_imperial's own CLAUDE.md and README only. L66c/d (#140, #141) are still open upstream: T23, T24.)
adapt CLAUDE.md  (project line; rules 7, 9, 11 from the template; conditional rules 17-20 deleted, none apply; project section added; rule 20 points to the quota check, L50)
adapt docs/tasks/README.md  (this repository's task index)
adapt harness.json  (models: + sol, GPT-6 Sol; + zai-glm-5.3-flash, the easy implementer and the default; + gpt-6.1-sol, the guard and last-round reviewer; + zai-glm-5.3, the hard reviewer and Sol's substitute; Sol entries and zai-glm-5.3 at variant low (heavy models at the lightest effort, owner 2026-10-05); + the entries mm-m3, mm-m2.7, ali-qwen-max, ali-qwen-flash, ali-glm (MiniMax and the Alibaba Token Plan, probed 2026-10-06, placed the same day — the owner, 2026-10-06; roster, placements and pricing in docs/models.md); implementer.chain = zai-glm-5.3-flash, mm-m2.7, mimo-flash; reviewer fallback sonnet; reviewer.hard = zai-glm-5.3, mimo-pro, luna and reviewer.sol = gpt-6.1-sol (mm-m3 is Sol's alternate when openai is exhausted and the L38 heavy rung, docs/models.md); luna = GPT-5.6 Luna and luna-6 = GPT-6 Luna outside the chains (L51); the template's own watch entries, upstream since this pin, are not copied — our routing is docs/models.md; at ebc5558 neither is the template's `chooser` block nor #116, mm-m3 in its reviewer.hard: choose.mjs falls back to our chains without the block; at b05e0d8 the template's band-3 chooser fix (#125) is part of the bump, our chains still unchanged; at b05e0d8 the template's band-3 chooser fix (#125) is part of the bump, our chains still unchanged; at 467809b the chooser ranks by /recommend (readRecommend replaces readPricing) and our chains still unchanged; at 467809b the /recommend-driven chooser is in, our chains still unchanged; at 8b1642c the L65 quota-gate contract is in, our chains still unchanged; at d7ddd48 (L67) the template's mimo-flash and mimo-pro replace deepseek-flash, deepseek-pro and the ali-deepseek-* entries, removed; the ali-* entries stay defined but leave every chain (the owner's 2026-10-09 global rule: Alibaba only when asked); the template's chooser block is still not copied)
15f1fcb3af4cd07482f39328e2255a71075f4889946901960116f9a3a5b4c16f  .claude/agents/implementer.md
585e0f9cfc63fc1643e96a2ee0dc337f23598d1c7f632d0bf0926b7f139a6f6c  .claude/agents/reviewer.md
6661ffc3140de393a054db11750b1c12245ac229bbc742d92d71624bbaea4ce3  .claude/hooks/session-start.sh
9d2227215dcf47b9dc7c41d5c9b7f8c5b79dd962c3fb8c3f8f625032fa5eefae  .claude/settings.json
7eb835d63cdabe1860cd55c8e1274bc1400dedca9058934eba540105ebd50fc8  .claude/skills/delegate/SKILL.md
218462f453d5432db791c7697d7d34970491af106f8e1d1b95b0e0ef6f86747a  .claude/skills/jev/SKILL.md
226488e6dde044b3e70dd99fd201eb3dedc814cf934d8fe8b90a986bb9e182ca  .claude/skills/run-task/SKILL.md
dc7d16548bb7ab6e74a9a38d0905fd21bce16c1087efdc67507a3bd2f2681ea8  .claude/skills/switch-model/SKILL.md
8a63c4093207e8f96230e8e6c92019c06897434ca8b70f287e76821ff09502d6  .github/pull_request_template.md
08e2c79073f7e6a79524ef30d45ac9bc4376fb7bec7216254bba41ce411ae9f7  .opencode/agents/implementer.md
a1bcc3fe7d16485b23abb5f22bfb31a216ba12b75cec37b0d0f59b5bdc7f06a7  .opencode/agents/reviewer.md
838f0d1b0cfc80a61f549cfae300922b1bcef37e95f510d1dac6ea9b6474578e  docs/environment.md
c6ffaa08eb490d11e8f208b7f8ec7a1e291d55c3cee01e58aa84466fe1983f89  docs/jev/blocks-release.md
46c4f6e3ca23871e59c25366e8acf9818e43113546f0cd107571ae110f6c10cb  docs/jev/breaks-play.md
c0bbaa94e907476cfa102bc8ca485f14b76c0f583042458829d09b74662a5e8d  docs/lessons.md
dd6354e5ac9a5f1438db6cd1b9fbeab079c1ba52b7adef93800285edfba483c1  docs/process.md
325385ce86485b764e18a17dbee408d014b968f78a2e727c5116a8f9becf3511  docs/review-brief.md
baaa24260817df46447d22d51b58a1f1642882ab691551d6b30bedd79fdd59a6  docs/tasks/TEMPLATE.md
2d74fb9dbdae160ddc6e3aa68879e68c36897d90a74eb4c2bced239f851059c2  tools/harness/choose.mjs
0628080fdc67ee48bff5ececd479ddb13755edd7db2fa5905838a323d9f041c4  tools/harness/claim.mjs
518ad06ab39fdd22407b864ba878acf404ffe9dac5a8e9b19b4d44b574fe6342  tools/harness/guard.mjs
b545214557d268ad1478b9919c22cc9a435d04aad7a4437109e7e72847f0ced9  tools/harness/implement.mjs
9befbffd7ca14116d581da6fefefbe5d43514f8c3d4a7419467f4a7810e8f96b  tools/harness/jev.mjs
076fd078b9efac40b9ae72644f672f76fcc016a049556f61579f07fef06d9c55  tools/harness/lib/chain.mjs
656cf6c7014277b5276f81877da933f378eb4826f196a8b3daadb2a23aeff68a  tools/harness/lib/choose.mjs
b82b7d62e2b543b565cb900684a9fbf611da1737b127e59cd2577c0add6a23d1  tools/harness/lib/claim.mjs
0545b589015389325ea5807b00204a3d268110c6f25aebb6d9d759d25d4fcc55  tools/harness/lib/common.mjs
411151214b90b3847a643139417aad0b4863971c6d6ab4c271f249aa09e9ebc1  tools/harness/lib/guard.mjs
2020f3a9dc6295089dde3481f2c08bce6d924fa031dffee1e68b6e0ce884e34a  tools/harness/lib/jail.mjs
b65cc055307ca29a94c1f882262395737af1ae776b3561bd32d187740622b9af  tools/harness/lib/jev.mjs
a6bf727222667a4c1744a8d01206e3fd36208203d80df117ff1216e08339ecf7  tools/harness/lib/models.mjs
debccc8cbf0bc0028f7373cf4d7f5f3f496808422a755a25f0d40ea7264dae19  tools/harness/lib/opencode.mjs
5005d641b97629f37b2e0e4874ca0e46358d101828169bd7b7d74eff3ee10e4c  tools/harness/lib/post.mjs
00e299515d581b12747f4159a97dc8c645eeaaa7b784023ef78f96572241a8fc  tools/harness/lib/quota.mjs
66379ce8b5620f13ac48634a9f54e1eabfd6f451c06161219f6883b541bd3452  tools/harness/lib/review-selftest.mjs
7c1b87904ede7abcff5df1867a1a6437b7426a6e8d7560fc2c935b81ffaf5e79  tools/harness/lib/switch.mjs
4177a849a38ffae17dd460d9c210860d92ef0766dd4d79ca170ee07119c9eae8  tools/harness/lib/unsaved.mjs
bf717caa54364e8e56a50bab0f07d0212b8300992bc0ad3629cf097ef58e4845  tools/harness/models.mjs
4406fa454bd0d403e85230c2d3f08e3bfddd0c53f44731b23dbdf5c50bc9a92f  tools/harness/post-review.mjs
979b6250c8cb51f89786847b7a80d758b3980f0375acc8706b8722aed8213051  tools/harness/review.mjs
1262d6b798a050716fe1656a3fcb9cf9b14944111db1ec3c63aeca2a569b605d  tools/harness/switch-model.mjs
